{
  "nodes": {
    "chaotic": {
      "inputs": {
        "flake-schemas": "flake-schemas",
        "home-manager": "home-manager",
        "nixpkgs": "nixpkgs"
      },
      "locked": {
        "lastModified": 1783746858,
        "narHash": "sha256-EfLjt6Hpx1HNZF5fJoSlpgrdTosZK79VU7Da0DjiHNo=",
        "rev": "cf4dccb5ce65038f5811e70f7a9178a2ccffbf36",
        "revCount": 6041,
        "type": "tarball",
        "url": "https://api.flakehub.com/f/pinned/chaotic-cx/nyx/0.1.6041%2Brev-cf4dccb5ce65038f5811e70f7a9178a2ccffbf36/019f5062-9348-7d10-8a99-cf7cd15d2295/source.tar.gz"
      },
      "original": {
        "type": "tarball",
        "url": "https://flakehub.com/f/chaotic-cx/nyx/%2A.tar.gz"
      }
    },
    "flake-schemas": {
      "locked": {
        "lastModified": 1780327564,
        "narHash": "sha256-HiRPtA0spK+Dkgbhz/1zW9glXxNVB+L4Rj2VYmdawb8=",
        "rev": "6cc9bd98891b1fc6bb2b8cb3277df8bc72799ca6",
        "revCount": 149,
        "type": "tarball",
        "url": "https://api.flakehub.com/f/pinned/DeterminateSystems/flake-schemas/0.5.0/019e83cf-9af3-78b1-ac5b-70e68ad1efe1/source.tar.gz"
      },
      "original": {
        "type": "tarball",
        "url": "https://flakehub.com/f/DeterminateSystems/flake-schemas/%3D0.5.0.tar.gz"
      }
    },
    "home-manager": {
      "inputs": {
        "nixpkgs": [
          "chaotic",
          "nixpkgs"
        ]
      },
      "locked": {
        "lastModified": 1783618078,
        "narHash": "sha256-F43DGcBoIO8xOZFAfodg3jy0VghB9NGdb6xbTYAIx1A=",
        "owner": "nix-community",
        "repo": "home-manager",
        "rev": "144f4e36d0186195037da9fce80a727108978070",
        "type": "github"
      },
      "original": {
        "owner": "nix-community",
        "repo": "home-manager",
        "type": "github"
      }
    },
    "home-manager_2": {
      "inputs": {
        "nixpkgs": [
          "nixpkgs"
        ]
      },
      "locked": {
        "lastModified": 1783744526,
        "narHash": "sha256-yYVxW+uIbCx0Nt870fbErQbz+b2+3Gwpppe+JbIU+Co=",
        "owner": "nix-community",
        "repo": "home-manager",
        "rev": "2afec152df4e284d264f8489d16004c264aebf4c",
        "type": "github"
      },
      "original": {
        "owner": "nix-community",
        "repo": "home-manager",
        "type": "github"
      }
    },
    "millennium": {
      "inputs": {
        "millennium-src": "millennium-src",
        "nixpkgs": "nixpkgs_2"
      },
      "locked": {
        "dir": "packages/nix",
        "lastModified": 1783532163,
        "narHash": "sha256-n+YQKnVt0H1B2z6N1PmaadeVorRHi956q48/g2y8Hnc=",
        "owner": "SteamClientHomebrew",
        "repo": "Millennium",
        "rev": "3623ed0ed9f6065ce666cb0276ff0b903fee2355",
        "type": "github"
      },
      "original": {
        "dir": "packages/nix",
        "owner": "SteamClientHomebrew",
        "repo": "Millennium",
        "type": "github"
      }
    },
    "millennium-src": {
      "flake": false,
      "locked": {
        "lastModified": 1783268941,
        "narHash": "sha256-MJLJ0I48HXgfOpISTAbDMYMUdWj9A6M+jGQz4uAvwyw=",
        "owner": "SteamClientHomebrew",
        "repo": "Millennium",
        "rev": "f37f05bdbd4727d873a1ad83ce72d062ef9a0c48",
        "type": "github"
      },
      "original": {
        "owner": "SteamClientHomebrew",
        "repo": "Millennium",
        "rev": "f37f05bdbd4727d873a1ad83ce72d062ef9a0c48",
        "type": "github"
      }
    },
    "nixpkgs": {
      "locked": {
        "lastModified": 1783224372,
        "narHash": "sha256-8i/87eeoqiGE4yOTjwSA3Eh/ziJRQEmd/unYU+K27sk=",
        "owner": "NixOS",
        "repo": "nixpkgs",
        "rev": "d407951447dcd00442e97087bf374aad70c04cea",
        "type": "github"
      },
      "original": {
        "owner": "NixOS",
        "ref": "nixos-unstable",
        "repo": "nixpkgs",
        "type": "github"
      }
    },
    "nixpkgs_2": {
      "locked": {
        "lastModified": 1781577229,
        "narHash": "sha256-lrp67w8AulE9Ks53n27I45ADSzbOCn4H+CNW1Ck8B+8=",
        "owner": "nixos",
        "repo": "nixpkgs",
        "rev": "567a49d1913ce81ac6e9582e3553dd90a955875f",
        "type": "github"
      },
      "original": {
        "owner": "nixos",
        "repo": "nixpkgs",
        "rev": "567a49d1913ce81ac6e9582e3553dd90a955875f",
        "type": "github"
      }
    },
    "nixpkgs_3": {
      "locked": {
        "lastModified": 1783522502,
        "narHash": "sha256-iffAls3iaNTyJC2faYcUXSI+Gp02cDjYl+MygxKl2GI=",
        "owner": "nixos",
        "repo": "nixpkgs",
        "rev": "0bb7ec54c8483066ec9d7720e780a5caa71f8612",
        "type": "github"
      },
      "original": {
        "owner": "nixos",
        "ref": "nixos-unstable",
        "repo": "nixpkgs",
        "type": "github"
      }
    },
    "nixpkgs_4": {
      "locked": {
        "lastModified": 1783522502,
        "narHash": "sha256-iffAls3iaNTyJC2faYcUXSI+Gp02cDjYl+MygxKl2GI=",
        "owner": "NixOS",
        "repo": "nixpkgs",
        "rev": "0bb7ec54c8483066ec9d7720e780a5caa71f8612",
        "type": "github"
      },
      "original": {
        "owner": "NixOS",
        "ref": "nixos-unstable",
        "repo": "nixpkgs",
        "type": "github"
      }
    },
    "plugin-zsh-autosuggestions": {
      "flake": false,
      "locked": {
        "lastModified": 1750781703,
        "narHash": "sha256-KmkXgK1J6iAyb1FtF/gOa0adUnh1pgFsgQOUnNngBaE=",
        "owner": "zsh-users",
        "repo": "zsh-autosuggestions",
        "rev": "85919cd1ffa7d2d5412f6d3fe437ebdbeeec4fc5",
        "type": "github"
      },
      "original": {
        "owner": "zsh-users",
        "repo": "zsh-autosuggestions",
        "type": "github"
      }
    },
    "plugin-zsh-nix-shell": {
      "flake": false,
      "locked": {
        "lastModified": 1704028593,
        "narHash": "sha256-Rtg8kWVLhXRuD2/Ctbtgz9MQCtKZOLpAIdommZhXKdE=",
        "owner": "chisui",
        "repo": "zsh-nix-shell",
        "rev": "82ca15e638cc208e6d8368e34a1625ed75e08f90",
        "type": "github"
      },
      "original": {
        "owner": "chisui",
        "repo": "zsh-nix-shell",
        "type": "github"
      }
    },
    "plugin-zsh-syntax-highlighting": {
      "flake": false,
      "locked": {
        "lastModified": 1770569380,
        "narHash": "sha256-VMne38IQwqB4jwGUI2f3eEiSkT2ww7+G5ch7w+65GT0=",
        "owner": "zsh-users",
        "repo": "zsh-syntax-highlighting",
        "rev": "1d85c692615a25fe2293bdd44b34c217d5d2bf04",
        "type": "github"
      },
      "original": {
        "owner": "zsh-users",
        "repo": "zsh-syntax-highlighting",
        "type": "github"
      }
    },
    "root": {
      "inputs": {
        "chaotic": "chaotic",
        "home-manager": "home-manager_2",
        "millennium": "millennium",
        "nixpkgs": "nixpkgs_3",
        "plugin-zsh-autosuggestions": "plugin-zsh-autosuggestions",
        "plugin-zsh-nix-shell": "plugin-zsh-nix-shell",
        "plugin-zsh-syntax-highlighting": "plugin-zsh-syntax-highlighting",
        "thorium": "thorium",
        "trid": "trid",
        "triddefs": "triddefs"
      }
    },
    "thorium": {
      "inputs": {
        "nixpkgs": "nixpkgs_4"
      },
      "locked": {
        "lastModified": 1783693008,
        "narHash": "sha256-XfF4Pg8E67nvat/oNkBWFdAFf4yQVb2a0oZM+32cVN4=",
        "owner": "Rishabh5321",
        "repo": "custom-packages-flake",
        "rev": "8ac0b3031aafd11993433e245eb58b97f50cb5dd",
        "type": "github"
      },
      "original": {
        "owner": "Rishabh5321",
        "repo": "custom-packages-flake",
        "type": "github"
      }
    },
    "trid": {
      "flake": false,
      "locked": {
        "lastModified": 1777812432,
        "narHash": "sha256-/TogmRR37qHfgRHBwCDwnspZAMtCLr161FJxs5ZHX7Y=",
        "type": "tarball",
        "url": "https://mark0.net/download/trid.zip"
      },
      "original": {
        "type": "tarball",
        "url": "https://mark0.net/download/trid.zip"
      }
    },
    "triddefs": {
      "flake": false,
      "locked": {
        "lastModified": 1783720796,
        "narHash": "sha256-iC7HKxGjaDwAjTlRXktan8cO4vFZ7Fq85EmXwVScvy4=",
        "type": "tarball",
        "url": "http://mark0.net/download/triddefs.zip"
      },
      "original": {
        "type": "tarball",
        "url": "http://mark0.net/download/triddefs.zip"
      }
    }
  },
  "root": "root",
  "version": 7
}
